// !$*UTF8*$!
{
	archiveVersion = 1;
	classes = {
	};
	objectVersion = 50;
	objects = {

/* Begin PBXBuildFile section */
		CAC8B41D22B0AF5F0085FDF2 /* AppDelegate.swift in Sources */ = {isa = PBXBuildFile; fileRef = CAC8B41C22B0AF5F0085FDF2 /* AppDelegate.swift */; };
		CAC8B41F22B0AF5F0085FDF2 /* ViewController.swift in Sources */ = {isa = PBXBuildFile; fileRef = CAC8B41E22B0AF5F0085FDF2 /* ViewController.swift */; };
		CAC8B42222B0AF5F0085FDF2 /* Main.storyboard in Resources */ = {isa = PBXBuildFile; fileRef = CAC8B42022B0AF5F0085FDF2 /* Main.storyboard */; };
		CAC8B42422B0AF610085FDF2 /* Assets.xcassets in Resources */ = {isa = PBXBuildFile; fileRef = CAC8B42322B0AF610085FDF2 /* Assets.xcassets */; };
		CAC8B42722B0AF610085FDF2 /* LaunchScreen.storyboard in Resources */ = {isa = PBXBuildFile; fileRef = CAC8B42522B0AF610085FDF2 /* LaunchScreen.storyboard */; };
		CAC8B43222B0AF610085FDF2 /* CardRefTests.swift in Sources */ = {isa = PBXBuildFile; fileRef = CAC8B43122B0AF610085FDF2 /* CardRefTests.swift */; };
/* End PBXBuildFile section */

/* Begin PBXContainerItemProxy section */
		CAC8B42E22B0AF610085FDF2 /* PBXContainerItemProxy */ = {
			isa = PBXContainerItemProxy;
			containerPortal = CAC8B41122B0AF5F0085FDF2 /* Project object */;
			proxyType = 1;
			remoteGlobalIDString = CAC8B41822B0AF5F0085FDF2;
			remoteInfo = CardRef;
		};
/* End PBXContainerItemProxy section */

/* Begin PBXFileReference section */
		CAC8B41922B0AF5F0085FDF2 /* CardRef.app */ = {isa = PBXFileReference; explicitFileType = wrapper.application; includeInIndex = 0; path = CardRef.app; sourceTree = BUILT_PRODUCTS_DIR; };
		CAC8B41C22B0AF5F0085FDF2 /* AppDelegate.swift */ = {isa = PBXFileReference; lastKnownFileType = sourcecode.swift; path = AppDelegate.swift; sourceTree = "<group>"; };
		CAC8B41E22B0AF5F0085FDF2 /* ViewController.swift */ = {isa = PBXFileReference; lastKnownFileType = sourcecode.swift; path = ViewController.swift; sourceTree = "<group>"; };
		CAC8B42122B0AF5F0085FDF2 /* Base */ = {isa = PBXFileReference; lastKnownFileType = file.storyboard; name = Base; path = Base.lproj/Main.storyboard; sourceTree = "<group>"; };
		CAC8B42322B0AF610085FDF2 /* Assets.xcassets */ = {isa = PBXFileReference; lastKnownFileType = folder.assetcatalog; path = Assets.xcassets; sourceTree = "<group>"; };
		CAC8B42622B0AF610085FDF2 /* Base */ = {isa = PBXFileReference; lastKnownFileType = file.storyboard; name = Base; path = Base.lproj/LaunchScreen.storyboard; sourceTree = "<group>"; };
		CAC8B42822B0AF610085FDF2 /* Info.plist */ = {isa = PBXFileReference; lastKnownFileType = text.plist.xml; path = Info.plist; sourceTree = "<group>"; };
		CAC8B42D22B0AF610085FDF2 /* CardRefTests.xctest */ = {isa = PBXFileReference; explicitFileType = wrapper.cfbundle; includeInIndex = 0; path = CardRefTests.xctest; sourceTree = BUILT_PRODUCTS_DIR; };
		CAC8B43122B0AF610085FDF2 /* CardRefTests.swift */ = {isa = PBXFileReference; lastKnownFileType = sourcecode.swift; path = CardRefTests.swift; sourceTree = "<group>"; };
		CAC8B43322B0AF610085FDF2 /* Info.plist */ = {isa = PBXFileReference; lastKnownFileType = text.plist.xml; path = Info.plist; sourceTree = "<group>"; };
/* End PBXFileReference section */

/* Begin PBXFrameworksBuildPhase section */
		CAC8B41622B0AF5F0085FDF2 /* Frameworks */ = {
			isa = PBXFrameworksBuildPhase;
			buildActionMask = 2147483647;
			files = (
			);
			runOnlyForDeploymentPostprocessing = 0;
		};
		CAC8B42A22B0AF610085FDF2 /* Frameworks */ = {
			isa = PBXFrameworksBuildPhase;
			buildActionMask = 2147483647;
			files = (
			);
			runOnlyForDeploymentPostprocessing = 0;
		};
/* End PBXFrameworksBuildPhase section */

/* Begin PBXGroup section */
		CAC8B41022B0AF5F0085FDF2 = {
			isa = PBXGroup;
			children = (
				CAC8B41B22B0AF5F0085FDF2 /* CardRef */,
				CAC8B43022B0AF610085FDF2 /* CardRefTests */,
				CAC8B41A22B0AF5F0085FDF2 /* Products */,
			);
			sourceTree = "<group>";
		};
		CAC8B41A22B0AF5F0085FDF2 /* Products */ = {
			isa = PBXGroup;
			children = (
				CAC8B41922B0AF5F0085FDF2 /* CardRef.app */,
				CAC8B42D22B0AF610085FDF2 /* CardRefTests.xctest */,
			);
			name = Products;
			sourceTree = "<group>";
		};
		CAC8B41B22B0AF5F0085FDF2 /* CardRef */ = {
			isa = PBXGroup;
			children = (
				CAC8B41C22B0AF5F0085FDF2 /* AppDelegate.swift */,
				CAC8B41E22B0AF5F0085FDF2 /* ViewController.swift */,
				CAC8B42022B0AF5F0085FDF2 /* Main.storyboard */,
				CAC8B42322B0AF610085FDF2 /* Assets.xcassets */,
				CAC8B42522B0AF610085FDF2 /* LaunchScreen.storyboard */,
				CAC8B42822B0AF610085FDF2 /* Info.plist */,
			);
			path = CardRef;
			sourceTree = "<group>";
		};
		CAC8B43022B0AF610085FDF2 /* CardRefTests */ = {
			isa = PBXGroup;
			children = (
				CAC8B43122B0AF610085FDF2 /* CardRefTests.swift */,
				CAC8B43322B0AF610085FDF2 /* Info.plist */,
			);
			path = CardRefTests;
			sourceTree = "<group>";
		};
/* End PBXGroup section */

/* Begin PBXNativeTarget section */
		CAC8B41822B0AF5F0085FDF2 /* CardRef */ = {
			isa = PBXNativeTarget;
			buildConfigurationList = CAC8B43622B0AF610085FDF2 /* Build configuration list for PBXNativeTarget "CardRef" */;
			buildPhases = (
				CAC8B41522B0AF5F0085FDF2 /* Sources */,
				CAC8B41622B0AF5F0085FDF2 /* Frameworks */,
				CAC8B41722B0AF5F0085FDF2 /* Resources */,
			);
			buildRules = (
			);
			dependencies = (
			);
			name = CardRef;
			productName = CardRef;
			productReference = CAC8B41922B0AF5F0085FDF2 /* CardRef.app */;
			productType = "com.apple.product-type.application";
		};
		CAC8B42C22B0AF610085FDF2 /* CardRefTests */ = {
			isa = PBXNativeTarget;
			buildConfigurationList = CAC8B43922B0AF610085FDF2 /* Build configuration list for PBXNativeTarget "CardRefTests" */;
			buildPhases = (
				CAC8B42922B0AF610085FDF2 /* Sources */,
				CAC8B42A22B0AF610085FDF2 /* Frameworks */,
				CAC8B42B22B0AF610085FDF2 /* Resources */,
			);
			buildRules = (
			);
			dependencies = (
				CAC8B42F22B0AF610085FDF2 /* PBXTargetDependency */,
			);
			name = CardRefTests;
			productName = CardRefTests;
			productReference = CAC8B42D22B0AF610085FDF2 /* CardRefTests.xctest */;
			productType = "com.apple.product-type.bundle.unit-test";
		};
/* End PBXNativeTarget section */

/* Begin PBXProject section */
		CAC8B41122B0AF5F0085FDF2 /* Project object */ = {
			isa = PBXProject;
			attributes = {
				LastSwiftUpdateCheck = 1020;
				LastUpgradeCheck = 1020;
				ORGANIZATIONNAME = "Doug Goldstein";
				TargetAttributes = {
					CAC8B41822B0AF5F0085FDF2 = {
						CreatedOnToolsVersion = 10.2.1;
					};
					CAC8B42C22B0AF610085FDF2 = {
						CreatedOnToolsVersion = 10.2.1;
						TestTargetID = CAC8B41822B0AF5F0085FDF2;
					};
				};
			};
			buildConfigurationList = CAC8B41422B0AF5F0085FDF2 /* Build configuration list for PBXProject "CardRef" */;
			compatibilityVersion = "Xcode 9.3";
			developmentRegion = en;
			hasScannedForEncodings = 0;
			knownRegions = (
				en,
				Base,
			);
			mainGroup = CAC8B41022B0AF5F0085FDF2;
			productRefGroup = CAC8B41A22B0AF5F0085FDF2 /* Products */;
			projectDirPath = "";
			projectRoot = "";
			targets = (
				CAC8B41822B0AF5F0085FDF2 /* CardRef */,
				CAC8B42C22B0AF610085FDF2 /* CardRefTests */,
			);
		};
/* End PBXProject section */

/* Begin PBXResourcesBuildPhase section */
		CAC8B41722B0AF5F0085FDF2 /* Resources */ = {
			isa = PBXResourcesBuildPhase;
			buildActionMask = 2147483647;
			files = (
				CAC8B42722B0AF610085FDF2 /* LaunchScreen.storyboard in Resources */,
				CAC8B42422B0AF610085FDF2 /* Assets.xcassets in Resources */,
				CAC8B42222B0AF5F0085FDF2 /* Main.storyboard in Resources */,
			);
			runOnlyForDeploymentPostprocessing = 0;
		};
		CAC8B42B22B0AF610085FDF2 /* Resources */ = {
			isa = PBXResourcesBuildPhase;
			buildActionMask = 2147483647;
			files = (
			);
			runOnlyForDeploymentPostprocessing = 0;
		};
/* End PBXResourcesBuildPhase section */

/* Begin PBXSourcesBuildPhase section */
		CAC8B41522B0AF5F0085FDF2 /* Sources */ = {
			isa = PBXSourcesBuildPhase;
			buildActionMask = 2147483647;
			files = (
				CAC8B41F22B0AF5F0085FDF2 /* ViewController.swift in Sources */,
				CAC8B41D22B0AF5F0085FDF2 /* AppDelegate.swift in Sources */,
			);
			runOnlyForDeploymentPostprocessing = 0;
		};
		CAC8B42922B0AF610085FDF2 /* Sources */ = {
			isa = PBXSourcesBuildPhase;
			buildActionMask = 2147483647;
			files = (
				CAC8B43222B0AF610085FDF2 /* CardRefTests.swift in Sources */,
			);
			runOnlyForDeploymentPostprocessing = 0;
		};
/* End PBXSourcesBuildPhase section */

/* Begin PBXTargetDependency section */
		CAC8B42F22B0AF610085FDF2 /* PBXTargetDependency */ = {
			isa = PBXTargetDependency;
			target = CAC8B41822B0AF5F0085FDF2 /* CardRef */;
			targetProxy = CAC8B42E22B0AF610085FDF2 /* PBXContainerItemProxy */;
		};
/* End PBXTargetDependency section */

/* Begin PBXVariantGroup section */
		CAC8B42022B0AF5F0085FDF2 /* Main.storyboard */ = {
			isa = PBXVariantGroup;
			children = (
				CAC8B42122B0AF5F0085FDF2 /* Base */,
			);
			name = Main.storyboard;
			sourceTree = "<group>";
		};
		CAC8B42522B0AF610085FDF2 /* LaunchScreen.storyboard */ = {
			isa = PBXVariantGroup;
			children = (
				CAC8B42622B0AF610085FDF2 /* Base */,
			);
			name = LaunchScreen.storyboard;
			sourceTree = "<group>";
		};
/* End PBXVariantGroup section */

/* Begin XCBuildConfiguration section */
		CAC8B43422B0AF610085FDF2 /* Debug */ = {
			isa = XCBuildConfiguration;
			buildSettings = {
				ALWAYS_SEARCH_USER_PATHS = NO;
				CLANG_ANALYZER_NONNULL = YES;
				CLANG_ANALYZER_NUMBER_OBJECT_CONVERSION = YES_AGGRESSIVE;
				CLANG_CXX_LANGUAGE_STANDARD = "gnu++14";
				CLANG_CXX_LIBRARY = "libc++";
				CLANG_ENABLE_MODULES = YES;
				CLANG_ENABLE_OBJC_ARC = YES;
				CLANG_ENABLE_OBJC_WEAK = YES;
				CLANG_WARN_BLOCK_CAPTURE_AUTORELEASING = YES;
				CLANG_WARN_BOOL_CONVERSION = YES;
				CLANG_WARN_COMMA = YES;
				CLANG_WARN_CONSTANT_CONVERSION = YES;
				CLANG_WARN_DEPRECATED_OBJC_IMPLEMENTATIONS = YES;
				CLANG_WARN_DIRECT_OBJC_ISA_USAGE = YES_ERROR;
				CLANG_WARN_DOCUMENTATION_COMMENTS = YES;
				CLANG_WARN_EMPTY_BODY = YES;
				CLANG_WARN_ENUM_CONVERSION = YES;
				CLANG_WARN_INFINITE_RECURSION = YES;
				CLANG_WARN_INT_CONVERSION = YES;
				CLANG_WARN_NON_LITERAL_NULL_CONVERSION = YES;
				CLANG_WARN_OBJC_IMPLICIT_RETAIN_SELF = YES;
				CLANG_WARN_OBJC_LITERAL_CONVERSION = YES;
				CLANG_WARN_OBJC_ROOT_CLASS = YES_ERROR;
				CLANG_WARN_RANGE_LOOP_ANALYSIS = YES;
				CLANG_WARN_STRICT_PROTOTYPES = YES;
				CLANG_WARN_SUSPICIOUS_MOVE = YES;
				CLANG_WARN_UNGUARDED_AVAILABILITY = YES_AGGRESSIVE;
				CLANG_WARN_UNREACHABLE_CODE = YES;
				CLANG_WARN__DUPLICATE_METHOD_MATCH = YES;
				CODE_SIGN_IDENTITY = "iPhone Developer";
				COPY_PHASE_STRIP = NO;
				DEBUG_INFORMATION_FORMAT = dwarf;
				ENABLE_STRICT_OBJC_MSGSEND = YES;
				ENABLE_TESTABILITY = YES;
				GCC_C_LANGUAGE_STANDARD = gnu11;
				GCC_DYNAMIC_NO_PIC = NO;
				GCC_NO_COMMON_BLOCKS = YES;
				GCC_OPTIMIZATION_LEVEL = 0;
				GCC_PREPROCESSOR_DEFINITIONS = (
					"DEBUG=1",
					"$(inherited)",
				);
				GCC_WARN_64_TO_32_BIT_CONVERSION = YES;
				GCC_WARN_ABOUT_RETURN_TYPE = YES_ERROR;
				GCC_WARN_UNDECLARED_SELECTOR = YES;
				GCC_WARN_UNINITIALIZED_AUTOS = YES_AGGRESSIVE;
				GCC_WARN_UNUSED_FUNCTION = YES;
				GCC_WARN_UNUSED_VARIABLE = YES;
				IPHONEOS_DEPLOYMENT_TARGET = 12.2;
				MTL_ENABLE_DEBUG_INFO = INCLUDE_SOURCE;
				MTL_FAST_MATH = YES;
				ONLY_ACTIVE_ARCH = YES;
				SDKROOT = iphoneos;
				SWIFT_ACTIVE_COMPILATION_CONDITIONS = DEBUG;
				SWIFT_OPTIMIZATION_LEVEL = "-Onone";
			};
			name = Debug;
		};
		CAC8B43522B0AF610085FDF2 /* Release */ = {
			isa = XCBuildConfiguration;
			buildSettings = {
				ALWAYS_SEARCH_USER_PATHS = NO;
				CLANG_ANALYZER_NONNULL = YES;
				CLANG_ANALYZER_NUMBER_OBJECT_CONVERSION = YES_AGGRESSIVE;
				CLANG_CXX_LANGUAGE_STANDARD = "gnu++14";
				CLANG_CXX_LIBRARY = "libc++";
				CLANG_ENABLE_MODULES = YES;
				CLANG_ENABLE_OBJC_ARC = YES;
				CLANG_ENABLE_OBJC_WEAK = YES;
				CLANG_WARN_BLOCK_CAPTURE_AUTORELEASING = YES;
				CLANG_WARN_BOOL_CONVERSION = YES;
				CLANG_WARN_COMMA = YES;
				CLANG_WARN_CONSTANT_CONVERSION = YES;
				CLANG_WARN_DEPRECATED_OBJC_IMPLEMENTATIONS = YES;
				CLANG_WARN_DIRECT_OBJC_ISA_USAGE = YES_ERROR;
				CLANG_WARN_DOCUMENTATION_COMMENTS = YES;
				CLANG_WARN_EMPTY_BODY = YES;
				CLANG_WARN_ENUM_CONVERSION = YES;
				CLANG_WARN_INFINITE_RECURSION = YES;
				CLANG_WARN_INT_CONVERSION = YES;
				CLANG_WARN_NON_LITERAL_NULL_CONVERSION = YES;
				CLANG_WARN_OBJC_IMPLICIT_RETAIN_SELF = YES;
				CLANG_WARN_OBJC_LITERAL_CONVERSION = YES;
				CLANG_WARN_OBJC_ROOT_CLASS = YES_ERROR;
				CLANG_WARN_RANGE_LOOP_ANALYSIS = YES;
				CLANG_WARN_STRICT_PROTOTYPES = YES;
				CLANG_WARN_SUSPICIOUS_MOVE = YES;
				CLANG_WARN_UNGUARDED_AVAILABILITY = YES_AGGRESSIVE;
				CLANG_WARN_UNREACHABLE_CODE = YES;
				CLANG_WARN__DUPLICATE_METHOD_MATCH = YES;
				CODE_SIGN_IDENTITY = "iPhone Developer";
				COPY_PHASE_STRIP = NO;
				DEBUG_INFORMATION_FORMAT = "dwarf-with-dsym";
				ENABLE_NS_ASSERTIONS = NO;
				ENABLE_STRICT_OBJC_MSGSEND = YES;
				GCC_C_LANGUAGE_STANDARD = gnu11;
				GCC_NO_COMMON_BLOCKS = YES;
				GCC_WARN_64_TO_32_BIT_CONVERSION = YES;
				GCC_WARN_ABOUT_RETURN_TYPE = YES_ERROR;
				GCC_WARN_UNDECLARED_SELECTOR = YES;
				GCC_WARN_UNINITIALIZED_AUTOS = YES_AGGRESSIVE;
				GCC_WARN_UNUSED_FUNCTION = YES;
				GCC_WARN_UNUSED_VARIABLE = YES;
				IPHONEOS_DEPLOYMENT_TARGET = 12.2;
				MTL_ENABLE_DEBUG_INFO = NO;
				MTL_FAST_MATH = YES;
				SDKROOT = iphoneos;
				SWIFT_COMPILATION_MODE = wholemodule;
				SWIFT_OPTIMIZATION_LEVEL = "-O";
				VALIDATE_PRODUCT = YES;
			};
			name = Release;
		};
		CAC8B43722B0AF610085FDF2 /* Debug */ = {
			isa = XCBuildConfiguration;
			buildSettings = {
				ASSETCATALOG_COMPILER_APPICON_NAME = AppIcon;
				CODE_SIGN_STYLE = Automatic;
				DEVELOPMENT_TEAM = DAPF2S46N8;
				INFOPLIST_FILE = CardRef/Info.plist;
				LD_RUNPATH_SEARCH_PATHS = (
					"$(inherited)",
					"@executable_path/Frameworks",
				);
				PRODUCT_BUNDLE_IDENTIFIER = com.ddgold.CardRef;
				PRODUCT_NAME = "$(TARGET_NAME)";
				SWIFT_VERSION = 5.0;
				TARGETED_DEVICE_FAMILY = "1,2";
			};
			name = Debug;
		};
		CAC8B43822B0AF610085FDF2 /* Release */ = {
			isa = XCBuildConfiguration;
			buildSettings = {
				ASSETCATALOG_COMPILER_APPICON_NAME = AppIcon;
				CODE_SIGN_STYLE = Automatic;
				DEVELOPMENT_TEAM = DAPF2S46N8;
				INFOPLIST_FILE = CardRef/Info.plist;
				LD_RUNPATH_SEARCH_PATHS = (
					"$(inherited)",
					"@executable_path/Frameworks",
				);
				PRODUCT_BUNDLE_IDENTIFIER = com.ddgold.CardRef;
				PRODUCT_NAME = "$(TARGET_NAME)";
				SWIFT_VERSION = 5.0;
				TARGETED_DEVICE_FAMILY = "1,2";
			};
			name = Release;
		};
		CAC8B43A22B0AF610085FDF2 /* Debug */ = {
			isa = XCBuildConfiguration;
			buildSettings = {
				ALWAYS_EMBED_SWIFT_STANDARD_LIBRARIES = YES;
				BUNDLE_LOADER = "$(TEST_HOST)";
				CODE_SIGN_STYLE = Automatic;
				DEVELOPMENT_TEAM = DAPF2S46N8;
				INFOPLIST_FILE = CardRefTests/Info.plist;
				LD_RUNPATH_SEARCH_PATHS = (
					"$(inherited)",
					"@executable_path/Frameworks",
					"@loader_path/Frameworks",
				);
				PRODUCT_BUNDLE_IDENTIFIER = com.ddgold.CardRefTests;
				PRODUCT_NAME = "$(TARGET_NAME)";
				SWIFT_VERSION = 5.0;
				TARGETED_DEVICE_FAMILY = "1,2";
				TEST_HOST = "$(BUILT_PRODUCTS_DIR)/CardRef.app/CardRef";
			};
			name = Debug;
		};
		CAC8B43B22B0AF610085FDF2 /* Release */ = {
			isa = XCBuildConfiguration;
			buildSettings = {
				ALWAYS_EMBED_SWIFT_STANDARD_LIBRARIES = YES;
				BUNDLE_LOADER = "$(TEST_HOST)";
				CODE_SIGN_STYLE = Automatic;
				DEVELOPMENT_TEAM = DAPF2S46N8;
				INFOPLIST_FILE = CardRefTests/Info.plist;
				LD_RUNPATH_SEARCH_PATHS = (
					"$(inherited)",
					"@executable_path/Frameworks",
					"@loader_path/Frameworks",
				);
				PRODUCT_BUNDLE_IDENTIFIER = com.ddgold.CardRefTests;
				PRODUCT_NAME = "$(TARGET_NAME)";
				SWIFT_VERSION = 5.0;
				TARGETED_DEVICE_FAMILY = "1,2";
				TEST_HOST = "$(BUILT_PRODUCTS_DIR)/CardRef.app/CardRef";
			};
			name = Release;
		};
/* End XCBuildConfiguration section */

/* Begin XCConfigurationList section */
		CAC8B41422B0AF5F0085FDF2 /* Build configuration list for PBXProject "CardRef" */ = {
			isa = XCConfigurationList;
			buildConfigurations = (
				CAC8B43422B0AF610085FDF2 /* Debug */,
				CAC8B43522B0AF610085FDF2 /* Release */,
			);
			defaultConfigurationIsVisible = 0;
			defaultConfigurationName = Release;
		};
		CAC8B43622B0AF610085FDF2 /* Build configuration list for PBXNativeTarget "CardRef" */ = {
			isa = XCConfigurationList;
			buildConfigurations = (
				CAC8B43722B0AF610085FDF2 /* Debug */,
				CAC8B43822B0AF610085FDF2 /* Release */,
			);
			defaultConfigurationIsVisible = 0;
			defaultConfigurationName = Release;
		};
		CAC8B43922B0AF610085FDF2 /* Build configuration list for PBXNativeTarget "CardRefTests" */ = {
			isa = XCConfigurationList;
			buildConfigurations = (
				CAC8B43A22B0AF610085FDF2 /* Debug */,
				CAC8B43B22B0AF610085FDF2 /* Release */,
			);
			defaultConfigurationIsVisible = 0;
			defaultConfigurationName = Release;
		};
/* End XCConfigurationList section */
	};
	rootObject = CAC8B41122B0AF5F0085FDF2 /* Project object */;
}
