// !$*UTF8*$!
{
	archiveVersion = 1;
	classes = {
	};
	objectVersion = 50;
	objects = {

/* Begin PBXBuildFile section */
		CA48CBF022B0BE62009C0E59 /* Color.swift in Sources */ = {isa = PBXBuildFile; fileRef = CA48CBEF22B0BE62009C0E59 /* Color.swift */; };
		CA48CBF222B0C00D009C0E59 /* DatatankTests.swift in Sources */ = {isa = PBXBuildFile; fileRef = CA48CBF122B0C00D009C0E59 /* DatatankTests.swift */; };
		CA48CBF422B33816009C0E59 /* SetType.swift in Sources */ = {isa = PBXBuildFile; fileRef = CA48CBF322B33816009C0E59 /* SetType.swift */; };
		CA48CBF622B33C82009C0E59 /* Layout.swift in Sources */ = {isa = PBXBuildFile; fileRef = CA48CBF522B33C82009C0E59 /* Layout.swift */; };
		CA48CBF822B33EDF009C0E59 /* ImageType.swift in Sources */ = {isa = PBXBuildFile; fileRef = CA48CBF722B33EDF009C0E59 /* ImageType.swift */; };
		CA48CBFA22B36086009C0E59 /* RelatedType.swift in Sources */ = {isa = PBXBuildFile; fileRef = CA48CBF922B36086009C0E59 /* RelatedType.swift */; };
		CA48CBFC22B48F48009C0E59 /* Datatank.swift in Sources */ = {isa = PBXBuildFile; fileRef = CA48CBFB22B48F48009C0E59 /* Datatank.swift */; };
		CA48CC0322B4A0FE009C0E59 /* TabBarController.swift in Sources */ = {isa = PBXBuildFile; fileRef = CA48CC0222B4A0FE009C0E59 /* TabBarController.swift */; };
		CA48CC0A22B4A724009C0E59 /* BookmarksViewController.swift in Sources */ = {isa = PBXBuildFile; fileRef = CA48CC0922B4A724009C0E59 /* BookmarksViewController.swift */; };
		CA48CC0C22B4B3C0009C0E59 /* CardViewController.swift in Sources */ = {isa = PBXBuildFile; fileRef = CA48CC0B22B4B3C0009C0E59 /* CardViewController.swift */; };
		CA48CC0E22B57DC3009C0E59 /* List.swift in Sources */ = {isa = PBXBuildFile; fileRef = CA48CC0D22B57DC3009C0E59 /* List.swift */; };
		CA48CC1222B6A017009C0E59 /* RequestError.swift in Sources */ = {isa = PBXBuildFile; fileRef = CA48CC1122B6A017009C0E59 /* RequestError.swift */; };
		CA48CC1422B72AEC009C0E59 /* Search.swift in Sources */ = {isa = PBXBuildFile; fileRef = CA48CC1322B72AEC009C0E59 /* Search.swift */; };
		CA48CC1622B73C31009C0E59 /* SearchTests.swift in Sources */ = {isa = PBXBuildFile; fileRef = CA48CC1522B73C31009C0E59 /* SearchTests.swift */; };
		CA48CC1822B74A53009C0E59 /* SearchViewController.swift in Sources */ = {isa = PBXBuildFile; fileRef = CA48CC1722B74A53009C0E59 /* SearchViewController.swift */; };
		CA48CC1A22B88AFB009C0E59 /* LoadingTableViewCell.swift in Sources */ = {isa = PBXBuildFile; fileRef = CA48CC1922B88AFB009C0E59 /* LoadingTableViewCell.swift */; };
		CA48CC1D22B8925E009C0E59 /* CardTableViewCell.swift in Sources */ = {isa = PBXBuildFile; fileRef = CA48CC1C22B8925E009C0E59 /* CardTableViewCell.swift */; };
		CA48CC1F22B9DEAC009C0E59 /* Assets.xcassets in Resources */ = {isa = PBXBuildFile; fileRef = CA48CC1E22B9DEAC009C0E59 /* Assets.xcassets */; };
		CA48CC2122B9E589009C0E59 /* CardLabel.swift in Sources */ = {isa = PBXBuildFile; fileRef = CA48CC2022B9E589009C0E59 /* CardLabel.swift */; };
		CA48CC2522B9F19B009C0E59 /* LabelTableViewCell.swift in Sources */ = {isa = PBXBuildFile; fileRef = CA48CC2422B9F19B009C0E59 /* LabelTableViewCell.swift */; };
		CA48CC2722BDF925009C0E59 /* ImageTableViewCell.swift in Sources */ = {isa = PBXBuildFile; fileRef = CA48CC2622BDF924009C0E59 /* ImageTableViewCell.swift */; };
		CA48CC2922C04BD6009C0E59 /* Theme.swift in Sources */ = {isa = PBXBuildFile; fileRef = CA48CC2822C04BD6009C0E59 /* Theme.swift */; };
		CA48CC2B22C079B4009C0E59 /* Ruling.swift in Sources */ = {isa = PBXBuildFile; fileRef = CA48CC2A22C079B4009C0E59 /* Ruling.swift */; };
		CA88C52D22C5D79C00C307B7 /* RulingTableViewCell.swift in Sources */ = {isa = PBXBuildFile; fileRef = CA88C52C22C5D79C00C307B7 /* RulingTableViewCell.swift */; };
		CAC8B41D22B0AF5F0085FDF2 /* AppDelegate.swift in Sources */ = {isa = PBXBuildFile; fileRef = CAC8B41C22B0AF5F0085FDF2 /* AppDelegate.swift */; };
		CAC8B42722B0AF610085FDF2 /* LaunchScreen.storyboard in Resources */ = {isa = PBXBuildFile; fileRef = CAC8B42522B0AF610085FDF2 /* LaunchScreen.storyboard */; };
		CAC8B43222B0AF610085FDF2 /* EnumTests.swift in Sources */ = {isa = PBXBuildFile; fileRef = CAC8B43122B0AF610085FDF2 /* EnumTests.swift */; };
		CAC8B43D22B0AF7A0085FDF2 /* Card.swift in Sources */ = {isa = PBXBuildFile; fileRef = CAC8B43C22B0AF7A0085FDF2 /* Card.swift */; };
		CAC8B44022B0B1090085FDF2 /* Legality.swift in Sources */ = {isa = PBXBuildFile; fileRef = CAC8B43F22B0B1090085FDF2 /* Legality.swift */; };
/* End PBXBuildFile section */

/* Begin PBXContainerItemProxy section */
		CAC8B42E22B0AF610085FDF2 /* PBXContainerItemProxy */ = {
			isa = PBXContainerItemProxy;
			containerPortal = CAC8B41122B0AF5F0085FDF2 /* Project object */;
			proxyType = 1;
			remoteGlobalIDString = CAC8B41822B0AF5F0085FDF2;
			remoteInfo = CardRef;
		};
/* End PBXContainerItemProxy section */

/* Begin PBXFileReference section */
		CA48CBEF22B0BE62009C0E59 /* Color.swift */ = {isa = PBXFileReference; lastKnownFileType = sourcecode.swift; path = Color.swift; sourceTree = "<group>"; };
		CA48CBF122B0C00D009C0E59 /* DatatankTests.swift */ = {isa = PBXFileReference; lastKnownFileType = sourcecode.swift; path = DatatankTests.swift; sourceTree = "<group>"; };
		CA48CBF322B33816009C0E59 /* SetType.swift */ = {isa = PBXFileReference; lastKnownFileType = sourcecode.swift; path = SetType.swift; sourceTree = "<group>"; };
		CA48CBF522B33C82009C0E59 /* Layout.swift */ = {isa = PBXFileReference; lastKnownFileType = sourcecode.swift; path = Layout.swift; sourceTree = "<group>"; };
		CA48CBF722B33EDF009C0E59 /* ImageType.swift */ = {isa = PBXFileReference; lastKnownFileType = sourcecode.swift; path = ImageType.swift; sourceTree = "<group>"; };
		CA48CBF922B36086009C0E59 /* RelatedType.swift */ = {isa = PBXFileReference; lastKnownFileType = sourcecode.swift; path = RelatedType.swift; sourceTree = "<group>"; };
		CA48CBFB22B48F48009C0E59 /* Datatank.swift */ = {isa = PBXFileReference; lastKnownFileType = sourcecode.swift; path = Datatank.swift; sourceTree = "<group>"; };
		CA48CC0222B4A0FE009C0E59 /* TabBarController.swift */ = {isa = PBXFileReference; lastKnownFileType = sourcecode.swift; path = TabBarController.swift; sourceTree = "<group>"; };
		CA48CC0922B4A724009C0E59 /* BookmarksViewController.swift */ = {isa = PBXFileReference; lastKnownFileType = sourcecode.swift; path = BookmarksViewController.swift; sourceTree = "<group>"; };
		CA48CC0B22B4B3C0009C0E59 /* CardViewController.swift */ = {isa = PBXFileReference; lastKnownFileType = sourcecode.swift; path = CardViewController.swift; sourceTree = "<group>"; };
		CA48CC0D22B57DC3009C0E59 /* List.swift */ = {isa = PBXFileReference; lastKnownFileType = sourcecode.swift; path = List.swift; sourceTree = "<group>"; };
		CA48CC1122B6A017009C0E59 /* RequestError.swift */ = {isa = PBXFileReference; lastKnownFileType = sourcecode.swift; path = RequestError.swift; sourceTree = "<group>"; };
		CA48CC1322B72AEC009C0E59 /* Search.swift */ = {isa = PBXFileReference; lastKnownFileType = sourcecode.swift; path = Search.swift; sourceTree = "<group>"; };
		CA48CC1522B73C31009C0E59 /* SearchTests.swift */ = {isa = PBXFileReference; lastKnownFileType = sourcecode.swift; path = SearchTests.swift; sourceTree = "<group>"; };
		CA48CC1722B74A53009C0E59 /* SearchViewController.swift */ = {isa = PBXFileReference; fileEncoding = 4; lastKnownFileType = sourcecode.swift; path = SearchViewController.swift; sourceTree = "<group>"; };
		CA48CC1922B88AFB009C0E59 /* LoadingTableViewCell.swift */ = {isa = PBXFileReference; lastKnownFileType = sourcecode.swift; path = LoadingTableViewCell.swift; sourceTree = "<group>"; };
		CA48CC1C22B8925E009C0E59 /* CardTableViewCell.swift */ = {isa = PBXFileReference; lastKnownFileType = sourcecode.swift; path = CardTableViewCell.swift; sourceTree = "<group>"; };
		CA48CC1E22B9DEAC009C0E59 /* Assets.xcassets */ = {isa = PBXFileReference; lastKnownFileType = folder.assetcatalog; path = Assets.xcassets; sourceTree = "<group>"; };
		CA48CC2022B9E589009C0E59 /* CardLabel.swift */ = {isa = PBXFileReference; lastKnownFileType = sourcecode.swift; path = CardLabel.swift; sourceTree = "<group>"; };
		CA48CC2422B9F19B009C0E59 /* LabelTableViewCell.swift */ = {isa = PBXFileReference; lastKnownFileType = sourcecode.swift; path = LabelTableViewCell.swift; sourceTree = "<group>"; };
		CA48CC2622BDF924009C0E59 /* ImageTableViewCell.swift */ = {isa = PBXFileReference; fileEncoding = 4; lastKnownFileType = sourcecode.swift; path = ImageTableViewCell.swift; sourceTree = "<group>"; };
		CA48CC2822C04BD6009C0E59 /* Theme.swift */ = {isa = PBXFileReference; lastKnownFileType = sourcecode.swift; path = Theme.swift; sourceTree = "<group>"; };
		CA48CC2A22C079B4009C0E59 /* Ruling.swift */ = {isa = PBXFileReference; lastKnownFileType = sourcecode.swift; path = Ruling.swift; sourceTree = "<group>"; };
		CA88C52C22C5D79C00C307B7 /* RulingTableViewCell.swift */ = {isa = PBXFileReference; lastKnownFileType = sourcecode.swift; path = RulingTableViewCell.swift; sourceTree = "<group>"; };
		CAC8B41922B0AF5F0085FDF2 /* CardRef.app */ = {isa = PBXFileReference; explicitFileType = wrapper.application; includeInIndex = 0; path = CardRef.app; sourceTree = BUILT_PRODUCTS_DIR; };
		CAC8B41C22B0AF5F0085FDF2 /* AppDelegate.swift */ = {isa = PBXFileReference; lastKnownFileType = sourcecode.swift; path = AppDelegate.swift; sourceTree = "<group>"; };
		CAC8B42622B0AF610085FDF2 /* Base */ = {isa = PBXFileReference; lastKnownFileType = file.storyboard; name = Base; path = Base.lproj/LaunchScreen.storyboard; sourceTree = "<group>"; };
		CAC8B42822B0AF610085FDF2 /* Info.plist */ = {isa = PBXFileReference; lastKnownFileType = text.plist.xml; path = Info.plist; sourceTree = "<group>"; };
		CAC8B42D22B0AF610085FDF2 /* CardRefTests.xctest */ = {isa = PBXFileReference; explicitFileType = wrapper.cfbundle; includeInIndex = 0; path = CardRefTests.xctest; sourceTree = BUILT_PRODUCTS_DIR; };
		CAC8B43122B0AF610085FDF2 /* EnumTests.swift */ = {isa = PBXFileReference; lastKnownFileType = sourcecode.swift; path = EnumTests.swift; sourceTree = "<group>"; };
		CAC8B43322B0AF610085FDF2 /* Info.plist */ = {isa = PBXFileReference; lastKnownFileType = text.plist.xml; path = Info.plist; sourceTree = "<group>"; };
		CAC8B43C22B0AF7A0085FDF2 /* Card.swift */ = {isa = PBXFileReference; lastKnownFileType = sourcecode.swift; path = Card.swift; sourceTree = "<group>"; };
		CAC8B43F22B0B1090085FDF2 /* Legality.swift */ = {isa = PBXFileReference; lastKnownFileType = sourcecode.swift; path = Legality.swift; sourceTree = "<group>"; };
/* End PBXFileReference section */

/* Begin PBXFrameworksBuildPhase section */
		CAC8B41622B0AF5F0085FDF2 /* Frameworks */ = {
			isa = PBXFrameworksBuildPhase;
			buildActionMask = 2147483647;
			files = (
			);
			runOnlyForDeploymentPostprocessing = 0;
		};
		CAC8B42A22B0AF610085FDF2 /* Frameworks */ = {
			isa = PBXFrameworksBuildPhase;
			buildActionMask = 2147483647;
			files = (
			);
			runOnlyForDeploymentPostprocessing = 0;
		};
/* End PBXFrameworksBuildPhase section */

/* Begin PBXGroup section */
		CA48CC0422B4A104009C0E59 /* Controllers */ = {
			isa = PBXGroup;
			children = (
				CA48CC0922B4A724009C0E59 /* BookmarksViewController.swift */,
				CA48CC0B22B4B3C0009C0E59 /* CardViewController.swift */,
				CA48CC1722B74A53009C0E59 /* SearchViewController.swift */,
				CA48CC0222B4A0FE009C0E59 /* TabBarController.swift */,
			);
			path = Controllers;
			sourceTree = "<group>";
		};
		CA48CC1B22B88B06009C0E59 /* Views */ = {
			isa = PBXGroup;
			children = (
				CA48CC2022B9E589009C0E59 /* CardLabel.swift */,
				CA48CC1C22B8925E009C0E59 /* CardTableViewCell.swift */,
				CA48CC2622BDF924009C0E59 /* ImageTableViewCell.swift */,
				CA48CC2422B9F19B009C0E59 /* LabelTableViewCell.swift */,
				CA48CC1922B88AFB009C0E59 /* LoadingTableViewCell.swift */,
				CA88C52C22C5D79C00C307B7 /* RulingTableViewCell.swift */,
			);
			path = Views;
			sourceTree = "<group>";
		};
		CAC8B41022B0AF5F0085FDF2 = {
			isa = PBXGroup;
			children = (
				CAC8B41B22B0AF5F0085FDF2 /* CardRef */,
				CAC8B43022B0AF610085FDF2 /* CardRefTests */,
				CAC8B41A22B0AF5F0085FDF2 /* Products */,
			);
			sourceTree = "<group>";
		};
		CAC8B41A22B0AF5F0085FDF2 /* Products */ = {
			isa = PBXGroup;
			children = (
				CAC8B41922B0AF5F0085FDF2 /* CardRef.app */,
				CAC8B42D22B0AF610085FDF2 /* CardRefTests.xctest */,
			);
			name = Products;
			sourceTree = "<group>";
		};
		CAC8B41B22B0AF5F0085FDF2 /* CardRef */ = {
			isa = PBXGroup;
			children = (
				CAC8B41C22B0AF5F0085FDF2 /* AppDelegate.swift */,
				CA48CC2822C04BD6009C0E59 /* Theme.swift */,
				CA48CC0422B4A104009C0E59 /* Controllers */,
				CAC8B44122B0B1140085FDF2 /* Enums */,
				CAC8B43E22B0AFF60085FDF2 /* Model */,
				CA48CC1B22B88B06009C0E59 /* Views */,
				CAC8B42522B0AF610085FDF2 /* LaunchScreen.storyboard */,
				CAC8B42822B0AF610085FDF2 /* Info.plist */,
				CA48CC1E22B9DEAC009C0E59 /* Assets.xcassets */,
			);
			path = CardRef;
			sourceTree = "<group>";
		};
		CAC8B43022B0AF610085FDF2 /* CardRefTests */ = {
			isa = PBXGroup;
			children = (
				CA48CBF122B0C00D009C0E59 /* DatatankTests.swift */,
				CAC8B43122B0AF610085FDF2 /* EnumTests.swift */,
				CA48CC1522B73C31009C0E59 /* SearchTests.swift */,
				CAC8B43322B0AF610085FDF2 /* Info.plist */,
			);
			path = CardRefTests;
			sourceTree = "<group>";
		};
		CAC8B43E22B0AFF60085FDF2 /* Model */ = {
			isa = PBXGroup;
			children = (
				CAC8B43C22B0AF7A0085FDF2 /* Card.swift */,
				CA48CBFB22B48F48009C0E59 /* Datatank.swift */,
				CA48CC0D22B57DC3009C0E59 /* List.swift */,
				CA48CC1122B6A017009C0E59 /* RequestError.swift */,
				CA48CC2A22C079B4009C0E59 /* Ruling.swift */,
				CA48CC1322B72AEC009C0E59 /* Search.swift */,
			);
			path = Model;
			sourceTree = "<group>";
		};
		CAC8B44122B0B1140085FDF2 /* Enums */ = {
			isa = PBXGroup;
			children = (
				CA48CBEF22B0BE62009C0E59 /* Color.swift */,
				CA48CBF722B33EDF009C0E59 /* ImageType.swift */,
				CA48CBF522B33C82009C0E59 /* Layout.swift */,
				CAC8B43F22B0B1090085FDF2 /* Legality.swift */,
				CA48CBF922B36086009C0E59 /* RelatedType.swift */,
				CA48CBF322B33816009C0E59 /* SetType.swift */,
			);
			path = Enums;
			sourceTree = "<group>";
		};
/* End PBXGroup section */

/* Begin PBXNativeTarget section */
		CAC8B41822B0AF5F0085FDF2 /* CardRef */ = {
			isa = PBXNativeTarget;
			buildConfigurationList = CAC8B43622B0AF610085FDF2 /* Build configuration list for PBXNativeTarget "CardRef" */;
			buildPhases = (
				CAC8B41522B0AF5F0085FDF2 /* Sources */,
				CAC8B41622B0AF5F0085FDF2 /* Frameworks */,
				CAC8B41722B0AF5F0085FDF2 /* Resources */,
			);
			buildRules = (
			);
			dependencies = (
			);
			name = CardRef;
			productName = CardRef;
			productReference = CAC8B41922B0AF5F0085FDF2 /* CardRef.app */;
			productType = "com.apple.product-type.application";
		};
		CAC8B42C22B0AF610085FDF2 /* CardRefTests */ = {
			isa = PBXNativeTarget;
			buildConfigurationList = CAC8B43922B0AF610085FDF2 /* Build configuration list for PBXNativeTarget "CardRefTests" */;
			buildPhases = (
				CAC8B42922B0AF610085FDF2 /* Sources */,
				CAC8B42A22B0AF610085FDF2 /* Frameworks */,
				CAC8B42B22B0AF610085FDF2 /* Resources */,
			);
			buildRules = (
			);
			dependencies = (
				CAC8B42F22B0AF610085FDF2 /* PBXTargetDependency */,
			);
			name = CardRefTests;
			productName = CardRefTests;
			productReference = CAC8B42D22B0AF610085FDF2 /* CardRefTests.xctest */;
			productType = "com.apple.product-type.bundle.unit-test";
		};
/* End PBXNativeTarget section */

/* Begin PBXProject section */
		CAC8B41122B0AF5F0085FDF2 /* Project object */ = {
			isa = PBXProject;
			attributes = {
				LastSwiftUpdateCheck = 1020;
				LastUpgradeCheck = 1020;
				ORGANIZATIONNAME = "Doug Goldstein";
				TargetAttributes = {
					CAC8B41822B0AF5F0085FDF2 = {
						CreatedOnToolsVersion = 10.2.1;
					};
					CAC8B42C22B0AF610085FDF2 = {
						CreatedOnToolsVersion = 10.2.1;
						TestTargetID = CAC8B41822B0AF5F0085FDF2;
					};
				};
			};
			buildConfigurationList = CAC8B41422B0AF5F0085FDF2 /* Build configuration list for PBXProject "CardRef" */;
			compatibilityVersion = "Xcode 9.3";
			developmentRegion = en;
			hasScannedForEncodings = 0;
			knownRegions = (
				en,
				Base,
			);
			mainGroup = CAC8B41022B0AF5F0085FDF2;
			productRefGroup = CAC8B41A22B0AF5F0085FDF2 /* Products */;
			projectDirPath = "";
			projectRoot = "";
			targets = (
				CAC8B41822B0AF5F0085FDF2 /* CardRef */,
				CAC8B42C22B0AF610085FDF2 /* CardRefTests */,
			);
		};
/* End PBXProject section */

/* Begin PBXResourcesBuildPhase section */
		CAC8B41722B0AF5F0085FDF2 /* Resources */ = {
			isa = PBXResourcesBuildPhase;
			buildActionMask = 2147483647;
			files = (
				CA48CC1F22B9DEAC009C0E59 /* Assets.xcassets in Resources */,
				CAC8B42722B0AF610085FDF2 /* LaunchScreen.storyboard in Resources */,
			);
			runOnlyForDeploymentPostprocessing = 0;
		};
		CAC8B42B22B0AF610085FDF2 /* Resources */ = {
			isa = PBXResourcesBuildPhase;
			buildActionMask = 2147483647;
			files = (
			);
			runOnlyForDeploymentPostprocessing = 0;
		};
/* End PBXResourcesBuildPhase section */

/* Begin PBXSourcesBuildPhase section */
		CAC8B41522B0AF5F0085FDF2 /* Sources */ = {
			isa = PBXSourcesBuildPhase;
			buildActionMask = 2147483647;
			files = (
				CA88C52D22C5D79C00C307B7 /* RulingTableViewCell.swift in Sources */,
				CA48CC2B22C079B4009C0E59 /* Ruling.swift in Sources */,
				CA48CC2722BDF925009C0E59 /* ImageTableViewCell.swift in Sources */,
				CAC8B44022B0B1090085FDF2 /* Legality.swift in Sources */,
				CA48CC2122B9E589009C0E59 /* CardLabel.swift in Sources */,
				CA48CC1A22B88AFB009C0E59 /* LoadingTableViewCell.swift in Sources */,
				CA48CBF422B33816009C0E59 /* SetType.swift in Sources */,
				CAC8B43D22B0AF7A0085FDF2 /* Card.swift in Sources */,
				CA48CC0322B4A0FE009C0E59 /* TabBarController.swift in Sources */,
				CA48CC2522B9F19B009C0E59 /* LabelTableViewCell.swift in Sources */,
				CA48CC0E22B57DC3009C0E59 /* List.swift in Sources */,
				CA48CBF622B33C82009C0E59 /* Layout.swift in Sources */,
				CA48CC1D22B8925E009C0E59 /* CardTableViewCell.swift in Sources */,
				CA48CBFA22B36086009C0E59 /* RelatedType.swift in Sources */,
				CA48CC0A22B4A724009C0E59 /* BookmarksViewController.swift in Sources */,
				CA48CBF022B0BE62009C0E59 /* Color.swift in Sources */,
				CA48CC0C22B4B3C0009C0E59 /* CardViewController.swift in Sources */,
				CA48CC2922C04BD6009C0E59 /* Theme.swift in Sources */,
				CA48CC1822B74A53009C0E59 /* SearchViewController.swift in Sources */,
				CA48CC1222B6A017009C0E59 /* RequestError.swift in Sources */,
				CAC8B41D22B0AF5F0085FDF2 /* AppDelegate.swift in Sources */,
				CA48CC1422B72AEC009C0E59 /* Search.swift in Sources */,
				CA48CBF822B33EDF009C0E59 /* ImageType.swift in Sources */,
				CA48CBFC22B48F48009C0E59 /* Datatank.swift in Sources */,
			);
			runOnlyForDeploymentPostprocessing = 0;
		};
		CAC8B42922B0AF610085FDF2 /* Sources */ = {
			isa = PBXSourcesBuildPhase;
			buildActionMask = 2147483647;
			files = (
				CA48CC1622B73C31009C0E59 /* SearchTests.swift in Sources */,
				CAC8B43222B0AF610085FDF2 /* EnumTests.swift in Sources */,
				CA48CBF222B0C00D009C0E59 /* DatatankTests.swift in Sources */,
			);
			runOnlyForDeploymentPostprocessing = 0;
		};
/* End PBXSourcesBuildPhase section */

/* Begin PBXTargetDependency section */
		CAC8B42F22B0AF610085FDF2 /* PBXTargetDependency */ = {
			isa = PBXTargetDependency;
			target = CAC8B41822B0AF5F0085FDF2 /* CardRef */;
			targetProxy = CAC8B42E22B0AF610085FDF2 /* PBXContainerItemProxy */;
		};
/* End PBXTargetDependency section */

/* Begin PBXVariantGroup section */
		CAC8B42522B0AF610085FDF2 /* LaunchScreen.storyboard */ = {
			isa = PBXVariantGroup;
			children = (
				CAC8B42622B0AF610085FDF2 /* Base */,
			);
			name = LaunchScreen.storyboard;
			sourceTree = "<group>";
		};
/* End PBXVariantGroup section */

/* Begin XCBuildConfiguration section */
		CAC8B43422B0AF610085FDF2 /* Debug */ = {
			isa = XCBuildConfiguration;
			buildSettings = {
				ALWAYS_SEARCH_USER_PATHS = NO;
				CLANG_ANALYZER_NONNULL = YES;
				CLANG_ANALYZER_NUMBER_OBJECT_CONVERSION = YES_AGGRESSIVE;
				CLANG_CXX_LANGUAGE_STANDARD = "gnu++14";
				CLANG_CXX_LIBRARY = "libc++";
				CLANG_ENABLE_MODULES = YES;
				CLANG_ENABLE_OBJC_ARC = YES;
				CLANG_ENABLE_OBJC_WEAK = YES;
				CLANG_WARN_BLOCK_CAPTURE_AUTORELEASING = YES;
				CLANG_WARN_BOOL_CONVERSION = YES;
				CLANG_WARN_COMMA = YES;
				CLANG_WARN_CONSTANT_CONVERSION = YES;
				CLANG_WARN_DEPRECATED_OBJC_IMPLEMENTATIONS = YES;
				CLANG_WARN_DIRECT_OBJC_ISA_USAGE = YES_ERROR;
				CLANG_WARN_DOCUMENTATION_COMMENTS = YES;
				CLANG_WARN_EMPTY_BODY = YES;
				CLANG_WARN_ENUM_CONVERSION = YES;
				CLANG_WARN_INFINITE_RECURSION = YES;
				CLANG_WARN_INT_CONVERSION = YES;
				CLANG_WARN_NON_LITERAL_NULL_CONVERSION = YES;
				CLANG_WARN_OBJC_IMPLICIT_RETAIN_SELF = YES;
				CLANG_WARN_OBJC_LITERAL_CONVERSION = YES;
				CLANG_WARN_OBJC_ROOT_CLASS = YES_ERROR;
				CLANG_WARN_RANGE_LOOP_ANALYSIS = YES;
				CLANG_WARN_STRICT_PROTOTYPES = YES;
				CLANG_WARN_SUSPICIOUS_MOVE = YES;
				CLANG_WARN_UNGUARDED_AVAILABILITY = YES_AGGRESSIVE;
				CLANG_WARN_UNREACHABLE_CODE = YES;
				CLANG_WARN__DUPLICATE_METHOD_MATCH = YES;
				CODE_SIGN_IDENTITY = "iPhone Developer";
				COPY_PHASE_STRIP = NO;
				DEBUG_INFORMATION_FORMAT = dwarf;
				ENABLE_STRICT_OBJC_MSGSEND = YES;
				ENABLE_TESTABILITY = YES;
				GCC_C_LANGUAGE_STANDARD = gnu11;
				GCC_DYNAMIC_NO_PIC = NO;
				GCC_NO_COMMON_BLOCKS = YES;
				GCC_OPTIMIZATION_LEVEL = 0;
				GCC_PREPROCESSOR_DEFINITIONS = (
					"DEBUG=1",
					"$(inherited)",
				);
				GCC_WARN_64_TO_32_BIT_CONVERSION = YES;
				GCC_WARN_ABOUT_RETURN_TYPE = YES_ERROR;
				GCC_WARN_UNDECLARED_SELECTOR = YES;
				GCC_WARN_UNINITIALIZED_AUTOS = YES_AGGRESSIVE;
				GCC_WARN_UNUSED_FUNCTION = YES;
				GCC_WARN_UNUSED_VARIABLE = YES;
				IPHONEOS_DEPLOYMENT_TARGET = 12.2;
				MTL_ENABLE_DEBUG_INFO = INCLUDE_SOURCE;
				MTL_FAST_MATH = YES;
				ONLY_ACTIVE_ARCH = YES;
				SDKROOT = iphoneos;
				SWIFT_ACTIVE_COMPILATION_CONDITIONS = DEBUG;
				SWIFT_OPTIMIZATION_LEVEL = "-Onone";
			};
			name = Debug;
		};
		CAC8B43522B0AF610085FDF2 /* Release */ = {
			isa = XCBuildConfiguration;
			buildSettings = {
				ALWAYS_SEARCH_USER_PATHS = NO;
				CLANG_ANALYZER_NONNULL = YES;
				CLANG_ANALYZER_NUMBER_OBJECT_CONVERSION = YES_AGGRESSIVE;
				CLANG_CXX_LANGUAGE_STANDARD = "gnu++14";
				CLANG_CXX_LIBRARY = "libc++";
				CLANG_ENABLE_MODULES = YES;
				CLANG_ENABLE_OBJC_ARC = YES;
				CLANG_ENABLE_OBJC_WEAK = YES;
				CLANG_WARN_BLOCK_CAPTURE_AUTORELEASING = YES;
				CLANG_WARN_BOOL_CONVERSION = YES;
				CLANG_WARN_COMMA = YES;
				CLANG_WARN_CONSTANT_CONVERSION = YES;
				CLANG_WARN_DEPRECATED_OBJC_IMPLEMENTATIONS = YES;
				CLANG_WARN_DIRECT_OBJC_ISA_USAGE = YES_ERROR;
				CLANG_WARN_DOCUMENTATION_COMMENTS = YES;
				CLANG_WARN_EMPTY_BODY = YES;
				CLANG_WARN_ENUM_CONVERSION = YES;
				CLANG_WARN_INFINITE_RECURSION = YES;
				CLANG_WARN_INT_CONVERSION = YES;
				CLANG_WARN_NON_LITERAL_NULL_CONVERSION = YES;
				CLANG_WARN_OBJC_IMPLICIT_RETAIN_SELF = YES;
				CLANG_WARN_OBJC_LITERAL_CONVERSION = YES;
				CLANG_WARN_OBJC_ROOT_CLASS = YES_ERROR;
				CLANG_WARN_RANGE_LOOP_ANALYSIS = YES;
				CLANG_WARN_STRICT_PROTOTYPES = YES;
				CLANG_WARN_SUSPICIOUS_MOVE = YES;
				CLANG_WARN_UNGUARDED_AVAILABILITY = YES_AGGRESSIVE;
				CLANG_WARN_UNREACHABLE_CODE = YES;
				CLANG_WARN__DUPLICATE_METHOD_MATCH = YES;
				CODE_SIGN_IDENTITY = "iPhone Developer";
				COPY_PHASE_STRIP = NO;
				DEBUG_INFORMATION_FORMAT = "dwarf-with-dsym";
				ENABLE_NS_ASSERTIONS = NO;
				ENABLE_STRICT_OBJC_MSGSEND = YES;
				GCC_C_LANGUAGE_STANDARD = gnu11;
				GCC_NO_COMMON_BLOCKS = YES;
				GCC_WARN_64_TO_32_BIT_CONVERSION = YES;
				GCC_WARN_ABOUT_RETURN_TYPE = YES_ERROR;
				GCC_WARN_UNDECLARED_SELECTOR = YES;
				GCC_WARN_UNINITIALIZED_AUTOS = YES_AGGRESSIVE;
				GCC_WARN_UNUSED_FUNCTION = YES;
				GCC_WARN_UNUSED_VARIABLE = YES;
				IPHONEOS_DEPLOYMENT_TARGET = 12.2;
				MTL_ENABLE_DEBUG_INFO = NO;
				MTL_FAST_MATH = YES;
				SDKROOT = iphoneos;
				SWIFT_COMPILATION_MODE = wholemodule;
				SWIFT_OPTIMIZATION_LEVEL = "-O";
				VALIDATE_PRODUCT = YES;
			};
			name = Release;
		};
		CAC8B43722B0AF610085FDF2 /* Debug */ = {
			isa = XCBuildConfiguration;
			buildSettings = {
				ASSETCATALOG_COMPILER_APPICON_NAME = AppIcon;
				CODE_SIGN_STYLE = Automatic;
				DEVELOPMENT_TEAM = DAPF2S46N8;
				INFOPLIST_FILE = CardRef/Info.plist;
				LD_RUNPATH_SEARCH_PATHS = (
					"$(inherited)",
					"@executable_path/Frameworks",
				);
				PRODUCT_BUNDLE_IDENTIFIER = com.ddgold.CardRef;
				PRODUCT_NAME = "$(TARGET_NAME)";
				SWIFT_VERSION = 5.0;
				TARGETED_DEVICE_FAMILY = "1,2";
			};
			name = Debug;
		};
		CAC8B43822B0AF610085FDF2 /* Release */ = {
			isa = XCBuildConfiguration;
			buildSettings = {
				ASSETCATALOG_COMPILER_APPICON_NAME = AppIcon;
				CODE_SIGN_STYLE = Automatic;
				DEVELOPMENT_TEAM = DAPF2S46N8;
				INFOPLIST_FILE = CardRef/Info.plist;
				LD_RUNPATH_SEARCH_PATHS = (
					"$(inherited)",
					"@executable_path/Frameworks",
				);
				PRODUCT_BUNDLE_IDENTIFIER = com.ddgold.CardRef;
				PRODUCT_NAME = "$(TARGET_NAME)";
				SWIFT_VERSION = 5.0;
				TARGETED_DEVICE_FAMILY = "1,2";
			};
			name = Release;
		};
		CAC8B43A22B0AF610085FDF2 /* Debug */ = {
			isa = XCBuildConfiguration;
			buildSettings = {
				ALWAYS_EMBED_SWIFT_STANDARD_LIBRARIES = YES;
				BUNDLE_LOADER = "$(TEST_HOST)";
				CODE_SIGN_STYLE = Automatic;
				DEVELOPMENT_TEAM = DAPF2S46N8;
				INFOPLIST_FILE = CardRefTests/Info.plist;
				LD_RUNPATH_SEARCH_PATHS = (
					"$(inherited)",
					"@executable_path/Frameworks",
					"@loader_path/Frameworks",
				);
				PRODUCT_BUNDLE_IDENTIFIER = com.ddgold.CardRefTests;
				PRODUCT_NAME = "$(TARGET_NAME)";
				SWIFT_VERSION = 5.0;
				TARGETED_DEVICE_FAMILY = "1,2";
				TEST_HOST = "$(BUILT_PRODUCTS_DIR)/CardRef.app/CardRef";
			};
			name = Debug;
		};
		CAC8B43B22B0AF610085FDF2 /* Release */ = {
			isa = XCBuildConfiguration;
			buildSettings = {
				ALWAYS_EMBED_SWIFT_STANDARD_LIBRARIES = YES;
				BUNDLE_LOADER = "$(TEST_HOST)";
				CODE_SIGN_STYLE = Automatic;
				DEVELOPMENT_TEAM = DAPF2S46N8;
				INFOPLIST_FILE = CardRefTests/Info.plist;
				LD_RUNPATH_SEARCH_PATHS = (
					"$(inherited)",
					"@executable_path/Frameworks",
					"@loader_path/Frameworks",
				);
				PRODUCT_BUNDLE_IDENTIFIER = com.ddgold.CardRefTests;
				PRODUCT_NAME = "$(TARGET_NAME)";
				SWIFT_VERSION = 5.0;
				TARGETED_DEVICE_FAMILY = "1,2";
				TEST_HOST = "$(BUILT_PRODUCTS_DIR)/CardRef.app/CardRef";
			};
			name = Release;
		};
/* End XCBuildConfiguration section */

/* Begin XCConfigurationList section */
		CAC8B41422B0AF5F0085FDF2 /* Build configuration list for PBXProject "CardRef" */ = {
			isa = XCConfigurationList;
			buildConfigurations = (
				CAC8B43422B0AF610085FDF2 /* Debug */,
				CAC8B43522B0AF610085FDF2 /* Release */,
			);
			defaultConfigurationIsVisible = 0;
			defaultConfigurationName = Release;
		};
		CAC8B43622B0AF610085FDF2 /* Build configuration list for PBXNativeTarget "CardRef" */ = {
			isa = XCConfigurationList;
			buildConfigurations = (
				CAC8B43722B0AF610085FDF2 /* Debug */,
				CAC8B43822B0AF610085FDF2 /* Release */,
			);
			defaultConfigurationIsVisible = 0;
			defaultConfigurationName = Release;
		};
		CAC8B43922B0AF610085FDF2 /* Build configuration list for PBXNativeTarget "CardRefTests" */ = {
			isa = XCConfigurationList;
			buildConfigurations = (
				CAC8B43A22B0AF610085FDF2 /* Debug */,
				CAC8B43B22B0AF610085FDF2 /* Release */,
			);
			defaultConfigurationIsVisible = 0;
			defaultConfigurationName = Release;
		};
/* End XCConfigurationList section */
	};
	rootObject = CAC8B41122B0AF5F0085FDF2 /* Project object */;
}
